// !$*UTF8*$!
{
	archiveVersion = 1;
	classes = {
	};
	objectVersion = 46;
	objects = {

/* Begin PBXBuildFile section */
		870075101D10CF6400693D11 /* AppDelegate.swift in Sources */ = {isa = PBXBuildFile; fileRef = 8700750F1D10CF6400693D11 /* AppDelegate.swift */; };
		870075121D10CF6400693D11 /* TreeViewController.swift in Sources */ = {isa = PBXBuildFile; fileRef = 870075111D10CF6400693D11 /* TreeViewController.swift */; };
		870075151D10CF6400693D11 /* Main.storyboard in Resources */ = {isa = PBXBuildFile; fileRef = 870075131D10CF6400693D11 /* Main.storyboard */; };
		870075171D10CF6400693D11 /* Assets.xcassets in Resources */ = {isa = PBXBuildFile; fileRef = 870075161D10CF6400693D11 /* Assets.xcassets */; };
		8700751A1D10CF6400693D11 /* LaunchScreen.storyboard in Resources */ = {isa = PBXBuildFile; fileRef = 870075181D10CF6400693D11 /* LaunchScreen.storyboard */; };
		870075221D10CFE600693D11 /* TreeView.swift in Sources */ = {isa = PBXBuildFile; fileRef = 870075211D10CFE600693D11 /* TreeView.swift */; };
		870075241D10D01F00693D11 /* TreeGenerator.swift in Sources */ = {isa = PBXBuildFile; fileRef = 870075231D10D01F00693D11 /* TreeGenerator.swift */; };
		870075261D10D0AD00693D11 /* TreeModel.swift in Sources */ = {isa = PBXBuildFile; fileRef = 870075251D10D0AD00693D11 /* TreeModel.swift */; };
		870075281D10D0D700693D11 /* Extensions.swift in Sources */ = {isa = PBXBuildFile; fileRef = 870075271D10D0D700693D11 /* Extensions.swift */; };
		87919BCD1D10DC8D008DB736 /* logo-square monochrome.png in Resources */ = {isa = PBXBuildFile; fileRef = 87919BCC1D10DC8D008DB736 /* logo-square monochrome.png */; };
/* End PBXBuildFile section */

/* Begin PBXFileReference section */
		8700750C1D10CF6400693D11 /* TreeGenerator.app */ = {isa = PBXFileReference; explicitFileType = wrapper.application; includeInIndex = 0; path = TreeGenerator.app; sourceTree = BUILT_PRODUCTS_DIR; };
		8700750F1D10CF6400693D11 /* AppDelegate.swift */ = {isa = PBXFileReference; lastKnownFileType = sourcecode.swift; path = AppDelegate.swift; sourceTree = "<group>"; };
		870075111D10CF6400693D11 /* TreeViewController.swift */ = {isa = PBXFileReference; lastKnownFileType = sourcecode.swift; path = TreeViewController.swift; sourceTree = "<group>"; };
		870075141D10CF6400693D11 /* Base */ = {isa = PBXFileReference; lastKnownFileType = file.storyboard; name = Base; path = Base.lproj/Main.storyboard; sourceTree = "<group>"; };
		870075161D10CF6400693D11 /* Assets.xcassets */ = {isa = PBXFileReference; lastKnownFileType = folder.assetcatalog; path = Assets.xcassets; sourceTree = "<group>"; };
		870075191D10CF6400693D11 /* Base */ = {isa = PBXFileReference; lastKnownFileType = file.storyboard; name = Base; path = Base.lproj/LaunchScreen.storyboard; sourceTree = "<group>"; };
		8700751B1D10CF6400693D11 /* Info.plist */ = {isa = PBXFileReference; lastKnownFileType = text.plist.xml; path = Info.plist; sourceTree = "<group>"; };
		870075211D10CFE600693D11 /* TreeView.swift */ = {isa = PBXFileReference; fileEncoding = 4; lastKnownFileType = sourcecode.swift; path = TreeView.swift; sourceTree = "<group>"; };
		870075231D10D01F00693D11 /* TreeGenerator.swift */ = {isa = PBXFileReference; fileEncoding = 4; lastKnownFileType = sourcecode.swift; path = TreeGenerator.swift; sourceTree = "<group>"; };
		870075251D10D0AD00693D11 /* TreeModel.swift */ = {isa = PBXFileReference; fileEncoding = 4; lastKnownFileType = sourcecode.swift; path = TreeModel.swift; sourceTree = "<group>"; };
		870075271D10D0D700693D11 /* Extensions.swift */ = {isa = PBXFileReference; fileEncoding = 4; lastKnownFileType = sourcecode.swift; path = Extensions.swift; sourceTree = "<group>"; };
		87919BCC1D10DC8D008DB736 /* logo-square monochrome.png */ = {isa = PBXFileReference; lastKnownFileType = image.png; path = "logo-square monochrome.png"; sourceTree = "<group>"; };
/* End PBXFileReference section */

/* Begin PBXFrameworksBuildPhase section */
		870075091D10CF6400693D11 /* Frameworks */ = {
			isa = PBXFrameworksBuildPhase;
			buildActionMask = 2147483647;
			files = (
			);
			runOnlyForDeploymentPostprocessing = 0;
		};
/* End PBXFrameworksBuildPhase section */

/* Begin PBXGroup section */
		870075031D10CF6400693D11 = {
			isa = PBXGroup;
			children = (
				8700750E1D10CF6400693D11 /* TreeGenerator */,
				8700750D1D10CF6400693D11 /* Products */,
			);
			sourceTree = "<group>";
		};
		8700750D1D10CF6400693D11 /* Products */ = {
			isa = PBXGroup;
			children = (
				8700750C1D10CF6400693D11 /* TreeGenerator.app */,
			);
			name = Products;
			sourceTree = "<group>";
		};
		8700750E1D10CF6400693D11 /* TreeGenerator */ = {
			isa = PBXGroup;
			children = (
				8700750F1D10CF6400693D11 /* AppDelegate.swift */,
				870075111D10CF6400693D11 /* TreeViewController.swift */,
				870075131D10CF6400693D11 /* Main.storyboard */,
				870075161D10CF6400693D11 /* Assets.xcassets */,
				870075181D10CF6400693D11 /* LaunchScreen.storyboard */,
				8700751B1D10CF6400693D11 /* Info.plist */,
				870075211D10CFE600693D11 /* TreeView.swift */,
				870075231D10D01F00693D11 /* TreeGenerator.swift */,
				870075251D10D0AD00693D11 /* TreeModel.swift */,
				870075271D10D0D700693D11 /* Extensions.swift */,
				87919BCC1D10DC8D008DB736 /* logo-square monochrome.png */,
			);
			path = TreeGenerator;
			sourceTree = "<group>";
		};
/* End PBXGroup section */

/* Begin PBXNativeTarget section */
		8700750B1D10CF6400693D11 /* TreeGenerator */ = {
			isa = PBXNativeTarget;
			buildConfigurationList = 8700751E1D10CF6400693D11 /* Build configuration list for PBXNativeTarget "TreeGenerator" */;
			buildPhases = (
				870075081D10CF6400693D11 /* Sources */,
				870075091D10CF6400693D11 /* Frameworks */,
				8700750A1D10CF6400693D11 /* Resources */,
			);
			buildRules = (
			);
			dependencies = (
			);
			name = TreeGenerator;
			productName = TreeGenerator;
			productReference = 8700750C1D10CF6400693D11 /* TreeGenerator.app */;
			productType = "com.apple.product-type.application";
		};
/* End PBXNativeTarget section */

/* Begin PBXProject section */
		870075041D10CF6400693D11 /* Project object */ = {
			isa = PBXProject;
			attributes = {
				LastSwiftUpdateCheck = 0730;
				LastUpgradeCheck = 0730;
				ORGANIZATIONNAME = CorCoder;
				TargetAttributes = {
					8700750B1D10CF6400693D11 = {
						CreatedOnToolsVersion = 7.3.1;
						DevelopmentTeam = 9RS3Y87D23;
					};
				};
			};
			buildConfigurationList = 870075071D10CF6400693D11 /* Build configuration list for PBXProject "TreeGenerator" */;
			compatibilityVersion = "Xcode 3.2";
			developmentRegion = English;
			hasScannedForEncodings = 0;
			knownRegions = (
				en,
				Base,
			);
			mainGroup = 870075031D10CF6400693D11;
			productRefGroup = 8700750D1D10CF6400693D11 /* Products */;
			projectDirPath = "";
			projectRoot = "";
			targets = (
				8700750B1D10CF6400693D11 /* TreeGenerator */,
			);
		};
/* End PBXProject section */

/* Begin PBXResourcesBuildPhase section */
		8700750A1D10CF6400693D11 /* Resources */ = {
			isa = PBXResourcesBuildPhase;
			buildActionMask = 2147483647;
			files = (
				8700751A1D10CF6400693D11 /* LaunchScreen.storyboard in Resources */,
				870075171D10CF6400693D11 /* Assets.xcassets in Resources */,
				870075151D10CF6400693D11 /* Main.storyboard in Resources */,
				87919BCD1D10DC8D008DB736 /* logo-square monochrome.png in Resources */,
			);
			runOnlyForDeploymentPostprocessing = 0;
		};
/* End PBXResourcesBuildPhase section */

/* Begin PBXSourcesBuildPhase section */
		870075081D10CF6400693D11 /* Sources */ = {
			isa = PBXSourcesBuildPhase;
			buildActionMask = 2147483647;
			files = (
				870075221D10CFE600693D11 /* TreeView.swift in Sources */,
				870075281D10D0D700693D11 /* Extensions.swift in Sources */,
				870075241D10D01F00693D11 /* TreeGenerator.swift in Sources */,
				870075121D10CF6400693D11 /* TreeViewController.swift in Sources */,
				870075261D10D0AD00693D11 /* TreeModel.swift in Sources */,
				870075101D10CF6400693D11 /* AppDelegate.swift in Sources */,
			);
			runOnlyForDeploymentPostprocessing = 0;
		};
/* End PBXSourcesBuildPhase section */

/* Begin PBXVariantGroup section */
		870075131D10CF6400693D11 /* Main.storyboard */ = {
			isa = PBXVariantGroup;
			children = (
				870075141D10CF6400693D11 /* Base */,
			);
			name = Main.storyboard;
			sourceTree = "<group>";
		};
		870075181D10CF6400693D11 /* LaunchScreen.storyboard */ = {
			isa = PBXVariantGroup;
			children = (
				870075191D10CF6400693D11 /* Base */,
			);
			name = LaunchScreen.storyboard;
			sourceTree = "<group>";
		};
/* End PBXVariantGroup section */

/* Begin XCBuildConfiguration section */
		8700751C1D10CF6400693D11 /* Debug */ = {
			isa = XCBuildConfiguration;
			buildSettings = {
				ALWAYS_SEARCH_USER_PATHS = NO;
				CLANG_ANALYZER_NONNULL = YES;
				CLANG_CXX_LANGUAGE_STANDARD = "gnu++0x";
				CLANG_CXX_LIBRARY = "libc++";
				CLANG_ENABLE_MODULES = YES;
				CLANG_ENABLE_OBJC_ARC = YES;
				CLANG_WARN_BOOL_CONVERSION = YES;
				CLANG_WARN_CONSTANT_CONVERSION = YES;
				CLANG_WARN_DIRECT_OBJC_ISA_USAGE = YES_ERROR;
				CLANG_WARN_EMPTY_BODY = YES;
				CLANG_WARN_ENUM_CONVERSION = YES;
				CLANG_WARN_INT_CONVERSION = YES;
				CLANG_WARN_OBJC_ROOT_CLASS = YES_ERROR;
				CLANG_WARN_UNREACHABLE_CODE = YES;
				CLANG_WARN__DUPLICATE_METHOD_MATCH = YES;
				"CODE_SIGN_IDENTITY[sdk=iphoneos*]" = "iPhone Developer";
				COPY_PHASE_STRIP = NO;
				DEBUG_INFORMATION_FORMAT = dwarf;
				ENABLE_STRICT_OBJC_MSGSEND = YES;
				ENABLE_TESTABILITY = YES;
				GCC_C_LANGUAGE_STANDARD = gnu99;
				GCC_DYNAMIC_NO_PIC = NO;
				GCC_NO_COMMON_BLOCKS = YES;
				GCC_OPTIMIZATION_LEVEL = 0;
				GCC_PREPROCESSOR_DEFINITIONS = (
					"DEBUG=1",
					"$(inherited)",
				);
				GCC_WARN_64_TO_32_BIT_CONVERSION = YES;
				GCC_WARN_ABOUT_RETURN_TYPE = YES_ERROR;
				GCC_WARN_UNDECLARED_SELECTOR = YES;
				GCC_WARN_UNINITIALIZED_AUTOS = YES_AGGRESSIVE;
				GCC_WARN_UNUSED_FUNCTION = YES;
				GCC_WARN_UNUSED_VARIABLE = YES;
				IPHONEOS_DEPLOYMENT_TARGET = 9.3;
				MTL_ENABLE_DEBUG_INFO = YES;
				ONLY_ACTIVE_ARCH = YES;
				SDKROOT = iphoneos;
				SWIFT_OPTIMIZATION_LEVEL = "-Onone";
				TARGETED_DEVICE_FAMILY = "1,2";
			};
			name = Debug;
		};
		8700751D1D10CF6400693D11 /* Release */ = {
			isa = XCBuildConfiguration;
			buildSettings = {
				ALWAYS_SEARCH_USER_PATHS = NO;
				CLANG_ANALYZER_NONNULL = YES;
				CLANG_CXX_LANGUAGE_STANDARD = "gnu++0x";
				CLANG_CXX_LIBRARY = "libc++";
				CLANG_ENABLE_MODULES = YES;
				CLANG_ENABLE_OBJC_ARC = YES;
				CLANG_WARN_BOOL_CONVERSION = YES;
				CLANG_WARN_CONSTANT_CONVERSION = YES;
				CLANG_WARN_DIRECT_OBJC_ISA_USAGE = YES_ERROR;
				CLANG_WARN_EMPTY_BODY = YES;
				CLANG_WARN_ENUM_CONVERSION = YES;
				CLANG_WARN_INT_CONVERSION = YES;
				CLANG_WARN_OBJC_ROOT_CLASS = YES_ERROR;
				CLANG_WARN_UNREACHABLE_CODE = YES;
				CLANG_WARN__DUPLICATE_METHOD_MATCH = YES;
				"CODE_SIGN_IDENTITY[sdk=iphoneos*]" = "iPhone Developer";
				COPY_PHASE_STRIP = NO;
				DEBUG_INFORMATION_FORMAT = "dwarf-with-dsym";
				ENABLE_NS_ASSERTIONS = NO;
				ENABLE_STRICT_OBJC_MSGSEND = YES;
				GCC_C_LANGUAGE_STANDARD = gnu99;
				GCC_NO_COMMON_BLOCKS = YES;
				GCC_WARN_64_TO_32_BIT_CONVERSION = YES;
				GCC_WARN_ABOUT_RETURN_TYPE = YES_ERROR;
				GCC_WARN_UNDECLARED_SELECTOR = YES;
				GCC_WARN_UNINITIALIZED_AUTOS = YES_AGGRESSIVE;
				GCC_WARN_UNUSED_FUNCTION = YES;
				GCC_WARN_UNUSED_VARIABLE = YES;
				IPHONEOS_DEPLOYMENT_TARGET = 9.3;
				MTL_ENABLE_DEBUG_INFO = NO;
				SDKROOT = iphoneos;
				TARGETED_DEVICE_FAMILY = "1,2";
				VALIDATE_PRODUCT = YES;
			};
			name = Release;
		};
		8700751F1D10CF6400693D11 /* Debug */ = {
			isa = XCBuildConfiguration;
			buildSettings = {
				ASSETCATALOG_COMPILER_APPICON_NAME = AppIcon;
				CODE_SIGN_IDENTITY = "iPhone Developer";
				"CODE_SIGN_IDENTITY[sdk=iphoneos*]" = "iPhone Developer";
				INFOPLIST_FILE = TreeGenerator/Info.plist;
				LD_RUNPATH_SEARCH_PATHS = "$(inherited) @executable_path/Frameworks";
				PRODUCT_BUNDLE_IDENTIFIER = com.corcoder.TreeGenerator;
				PRODUCT_NAME = "$(TARGET_NAME)";
				PROVISIONING_PROFILE = "";
			};
			name = Debug;
		};
		870075201D10CF6400693D11 /* Release */ = {
			isa = XCBuildConfiguration;
			buildSettings = {
				ASSETCATALOG_COMPILER_APPICON_NAME = AppIcon;
				CODE_SIGN_IDENTITY = "iPhone Developer";
				"CODE_SIGN_IDENTITY[sdk=iphoneos*]" = "iPhone Developer";
				INFOPLIST_FILE = TreeGenerator/Info.plist;
				LD_RUNPATH_SEARCH_PATHS = "$(inherited) @executable_path/Frameworks";
				PRODUCT_BUNDLE_IDENTIFIER = com.corcoder.TreeGenerator;
				PRODUCT_NAME = "$(TARGET_NAME)";
				PROVISIONING_PROFILE = "";
			};
			name = Release;
		};
/* End XCBuildConfiguration section */

/* Begin XCConfigurationList section */
		870075071D10CF6400693D11 /* Build configuration list for PBXProject "TreeGenerator" */ = {
			isa = XCConfigurationList;
			buildConfigurations = (
				8700751C1D10CF6400693D11 /* Debug */,
				8700751D1D10CF6400693D11 /* Release */,
			);
			defaultConfigurationIsVisible = 0;
			defaultConfigurationName = Release;
		};
		8700751E1D10CF6400693D11 /* Build configuration list for PBXNativeTarget "TreeGenerator" */ = {
			isa = XCConfigurationList;
			buildConfigurations = (
				8700751F1D10CF6400693D11 /* Debug */,
				870075201D10CF6400693D11 /* Release */,
			);
			defaultConfigurationIsVisible = 0;
			defaultConfigurationName = Release;
		};
/* End XCConfigurationList section */
	};
	rootObject = 870075041D10CF6400693D11 /* Project object */;
}
